<?xml version="1.0" encoding="utf-8"?>
<Project ToolsVersion="4.0" xmlns="http://schemas.microsoft.com/developer/msbuild/2003">
  <ItemGroup>
    <Filter Include="AOC_01">
      <UniqueIdentifier>{0438c384-c3fb-4afe-9bb2-cfb9d2626e5e}</UniqueIdentifier>
    </Filter>
    <Filter Include="general">
      <UniqueIdentifier>{0d1f2991-6718-4143-b09a-bed28bcdfdbc}</UniqueIdentifier>
    </Filter>
    <Filter Include="AOC_02">
      <UniqueIdentifier>{dd30bf8e-5324-4246-b0c3-ca836e68262e}</UniqueIdentifier>
    </Filter>
  </ItemGroup>
  <ItemGroup>
    <ClInclude Include="general\InputHandler.h">
      <Filter>general</Filter>
    </ClInclude>
    <ClInclude Include="AOC_01\AOC_01.h">
      <Filter>AOC_01</Filter>
    </ClInclude>
    <ClInclude Include="AOC_01\Coordinate.h">
      <Filter>AOC_01</Filter>
    </ClInclude>
    <ClInclude Include="AOC_01\Direction.h">
      <Filter>AOC_01</Filter>
    </ClInclude>
    <ClInclude Include="AOC_02\AOC_02.h">
      <Filter>AOC_02</Filter>
    </ClInclude>
  </ItemGroup>
  <ItemGroup>
    <ClCompile Include="main.cpp" />
    <ClCompile Include="general\InputHandler.cpp">
      <Filter>general</Filter>
    </ClCompile>
    <ClCompile Include="AOC_01\AOC_01.cpp">
      <Filter>AOC_01</Filter>
    </ClCompile>
    <ClCompile Include="AOC_02\AOC_02.cpp">
      <Filter>AOC_02</Filter>
    </ClCompile>
  </ItemGroup>
  <ItemGroup>
    <Text Include="AOC_01\input01.txt">
      <Filter>AOC_01</Filter>
    </Text>
    <Text Include="AOC_02\input02.txt">
      <Filter>AOC_02</Filter>
    </Text>
  </ItemGroup>
</Project>