<?xml version="1.0" encoding="utf-8"?>
<Project ToolsVersion="4.0" xmlns="http://schemas.microsoft.com/developer/msbuild/2003">
  <ItemGroup>
    <Filter Include="AOC_01">
      <UniqueIdentifier>{0438c384-c3fb-4afe-9bb2-cfb9d2626e5e}</UniqueIdentifier>
    </Filter>
    <Filter Include="general">
      <UniqueIdentifier>{0d1f2991-6718-4143-b09a-bed28bcdfdbc}</UniqueIdentifier>
    </Filter>
    <Filter Include="AOC_02">
      <UniqueIdentifier>{dd30bf8e-5324-4246-b0c3-ca836e68262e}</UniqueIdentifier>
    </Filter>
    <Filter Include="AOC_03">
      <UniqueIdentifier>{284511df-2475-4ce0-ba96-c172f514380b}</UniqueIdentifier>
    </Filter>
    <Filter Include="AOC_04">
      <UniqueIdentifier>{7c3d263b-7b4e-4760-b822-c42d1cca188b}</UniqueIdentifier>
    </Filter>
    <Filter Include="AOC_05">
      <UniqueIdentifier>{54667c98-d038-49fd-91ac-db416351286d}</UniqueIdentifier>
    </Filter>
    <Filter Include="AOC_06">
      <UniqueIdentifier>{2e8126a5-f899-4719-bc92-683171a68b80}</UniqueIdentifier>
    </Filter>
    <Filter Include="AOC_07">
      <UniqueIdentifier>{abdd142f-f57a-4691-9153-e401aef65b02}</UniqueIdentifier>
    </Filter>
    <Filter Include="AOC_08">
      <UniqueIdentifier>{edecc1ec-d27e-4ec5-96b7-5b8d123d3509}</UniqueIdentifier>
    </Filter>
    <Filter Include="AOC_09">
      <UniqueIdentifier>{e96fcb4e-ce94-4bc4-bedb-934c1db89716}</UniqueIdentifier>
    </Filter>
    <Filter Include="AOC_10">
      <UniqueIdentifier>{af1d30cd-1c1c-4b68-b7d3-26af759d715f}</UniqueIdentifier>
    </Filter>
    <Filter Include="AOC_11">
      <UniqueIdentifier>{0042fce7-6b6d-4d7d-87b8-078853ffd38d}</UniqueIdentifier>
    </Filter>
    <Filter Include="AOC_12">
      <UniqueIdentifier>{fe1dec55-b3e8-4887-b822-aea69620dd7f}</UniqueIdentifier>
    </Filter>
    <Filter Include="AOC_13">
      <UniqueIdentifier>{e3bd3c96-d046-46ed-bf8a-dbea8f566bb0}</UniqueIdentifier>
    </Filter>
    <Filter Include="AOC_14">
      <UniqueIdentifier>{ce5050b3-6e33-41bf-a19f-c752a61c8068}</UniqueIdentifier>
    </Filter>
    <Filter Include="AOC_15">
      <UniqueIdentifier>{02576f9e-d0ec-4a42-8b0a-ae07b6c9e271}</UniqueIdentifier>
    </Filter>
    <Filter Include="AOC_16">
      <UniqueIdentifier>{a0b1b646-ec27-4446-8582-f143242ee843}</UniqueIdentifier>
    </Filter>
    <Filter Include="AOC_17">
      <UniqueIdentifier>{f60d7dc6-ff5b-4d62-9479-f2455acf46eb}</UniqueIdentifier>
    </Filter>
    <Filter Include="AOC_18">
      <UniqueIdentifier>{1d516488-b04d-4c08-9b87-816ed25641bf}</UniqueIdentifier>
    </Filter>
    <Filter Include="AOC_19">
      <UniqueIdentifier>{f400284b-341b-48d6-bd43-ea5b7551ab9e}</UniqueIdentifier>
    </Filter>
    <Filter Include="AOC_20">
      <UniqueIdentifier>{d4e200a0-6041-4026-b3c4-a88212616b9f}</UniqueIdentifier>
    </Filter>
    <Filter Include="AOC_21">
      <UniqueIdentifier>{7c34b75e-75bc-4e23-bcbd-e68006ed6f12}</UniqueIdentifier>
    </Filter>
    <Filter Include="AOC_22">
      <UniqueIdentifier>{2188627b-640e-47d6-a3f7-967bf22a6abd}</UniqueIdentifier>
    </Filter>
  </ItemGroup>
  <ItemGroup>
    <ClInclude Include="general\InputHandler.h">
      <Filter>general</Filter>
    </ClInclude>
    <ClInclude Include="AOC_01\AOC_01.h">
      <Filter>AOC_01</Filter>
    </ClInclude>
    <ClInclude Include="AOC_01\Direction.h">
      <Filter>AOC_01</Filter>
    </ClInclude>
    <ClInclude Include="AOC_02\AOC_02.h">
      <Filter>AOC_02</Filter>
    </ClInclude>
    <ClInclude Include="AOC_03\AOC_03.h">
      <Filter>AOC_03</Filter>
    </ClInclude>
    <ClInclude Include="AOC_04\AOC_04.h">
      <Filter>AOC_04</Filter>
    </ClInclude>
    <ClInclude Include="AOC_05\AOC_05.h">
      <Filter>AOC_05</Filter>
    </ClInclude>
    <ClInclude Include="AOC_06\AOC_06.h">
      <Filter>AOC_06</Filter>
    </ClInclude>
    <ClInclude Include="general\CharCount.h">
      <Filter>general</Filter>
    </ClInclude>
    <ClInclude Include="AOC_07\AOC_07.h">
      <Filter>AOC_07</Filter>
    </ClInclude>
    <ClInclude Include="AOC_08\AOC_08.h">
      <Filter>AOC_08</Filter>
    </ClInclude>
    <ClInclude Include="AOC_09\AOC_09.h">
      <Filter>AOC_09</Filter>
    </ClInclude>
    <ClInclude Include="AOC_10\AOC_10.h">
      <Filter>AOC_10</Filter>
    </ClInclude>
    <ClInclude Include="AOC_10\Bot.h">
      <Filter>AOC_10</Filter>
    </ClInclude>
    <ClInclude Include="AOC_10\Output.h">
      <Filter>AOC_10</Filter>
    </ClInclude>
    <ClInclude Include="AOC_11\AOC_11.h">
      <Filter>AOC_11</Filter>
    </ClInclude>
    <ClInclude Include="AOC_12\AOC_12.h">
      <Filter>AOC_12</Filter>
    </ClInclude>
    <ClInclude Include="AOC_13\AOC_13.h">
      <Filter>AOC_13</Filter>
    </ClInclude>
    <ClInclude Include="AOC_14\AOC_14.h">
      <Filter>AOC_14</Filter>
    </ClInclude>
    <ClInclude Include="general\md5.h">
      <Filter>general</Filter>
    </ClInclude>
    <ClInclude Include="AOC_14\Key.h">
      <Filter>AOC_14</Filter>
    </ClInclude>
    <ClInclude Include="AOC_15\AOC_15.h">
      <Filter>AOC_15</Filter>
    </ClInclude>
    <ClInclude Include="AOC_11\Node.h">
      <Filter>AOC_11</Filter>
    </ClInclude>
    <ClInclude Include="AOC_11\Floor.h">
      <Filter>AOC_11</Filter>
    </ClInclude>
    <ClInclude Include="AOC_11\Item.h">
      <Filter>AOC_11</Filter>
    </ClInclude>
    <ClInclude Include="general\Coordinate.h">
      <Filter>general</Filter>
    </ClInclude>
    <ClInclude Include="AOC_13\Move.h">
      <Filter>AOC_13</Filter>
    </ClInclude>
    <ClInclude Include="AOC_16\AOC_16.h">
      <Filter>AOC_16</Filter>
    </ClInclude>
    <ClInclude Include="AOC_17\AOC_17.h">
      <Filter>AOC_17</Filter>
    </ClInclude>
    <ClInclude Include="AOC_17\Route.h">
      <Filter>AOC_17</Filter>
    </ClInclude>
    <ClInclude Include="AOC_18\AOC_18.h">
      <Filter>AOC_18</Filter>
    </ClInclude>
    <ClInclude Include="AOC_19\AOC_19.h">
      <Filter>AOC_19</Filter>
    </ClInclude>
    <ClInclude Include="AOC_20\AOC_20.h">
      <Filter>AOC_20</Filter>
    </ClInclude>
    <ClInclude Include="AOC_21\AOC_21.h">
      <Filter>AOC_21</Filter>
    </ClInclude>
    <ClInclude Include="AOC_22\AOC_22.h">
      <Filter>AOC_22</Filter>
    </ClInclude>
    <ClInclude Include="AOC_22\PC.h">
      <Filter>AOC_22</Filter>
    </ClInclude>
  </ItemGroup>
  <ItemGroup>
    <ClCompile Include="main.cpp" />
    <ClCompile Include="general\InputHandler.cpp">
      <Filter>general</Filter>
    </ClCompile>
    <ClCompile Include="AOC_01\AOC_01.cpp">
      <Filter>AOC_01</Filter>
    </ClCompile>
    <ClCompile Include="AOC_02\AOC_02.cpp">
      <Filter>AOC_02</Filter>
    </ClCompile>
    <ClCompile Include="AOC_03\AOC_03.cpp">
      <Filter>AOC_03</Filter>
    </ClCompile>
    <ClCompile Include="AOC_04\AOC_04.cpp">
      <Filter>AOC_04</Filter>
    </ClCompile>
    <ClCompile Include="AOC_05\AOC_05.cpp">
      <Filter>AOC_05</Filter>
    </ClCompile>
    <ClCompile Include="AOC_06\AOC_06.cpp">
      <Filter>AOC_06</Filter>
    </ClCompile>
    <ClCompile Include="AOC_07\AOC_07.cpp">
      <Filter>AOC_07</Filter>
    </ClCompile>
    <ClCompile Include="AOC_08\AOC_08.cpp">
      <Filter>AOC_08</Filter>
    </ClCompile>
    <ClCompile Include="AOC_09\AOC_09.cpp">
      <Filter>AOC_09</Filter>
    </ClCompile>
    <ClCompile Include="AOC_10\AOC_10.cpp">
      <Filter>AOC_10</Filter>
    </ClCompile>
    <ClCompile Include="AOC_11\AOC_11.cpp">
      <Filter>AOC_11</Filter>
    </ClCompile>
    <ClCompile Include="AOC_12\AOC_12.cpp">
      <Filter>AOC_12</Filter>
    </ClCompile>
    <ClCompile Include="AOC_13\AOC_13.cpp">
      <Filter>AOC_13</Filter>
    </ClCompile>
    <ClCompile Include="AOC_14\AOC_14.cpp">
      <Filter>AOC_14</Filter>
    </ClCompile>
    <ClCompile Include="general\md5.cpp">
      <Filter>general</Filter>
    </ClCompile>
    <ClCompile Include="AOC_15\AOC_15.cpp">
      <Filter>AOC_15</Filter>
    </ClCompile>
    <ClCompile Include="AOC_11\Node.cpp">
      <Filter>AOC_11</Filter>
    </ClCompile>
    <ClCompile Include="AOC_11\Floor.cpp">
      <Filter>AOC_11</Filter>
    </ClCompile>
    <ClCompile Include="AOC_13\Move.cpp">
      <Filter>AOC_13</Filter>
    </ClCompile>
    <ClCompile Include="AOC_16\AOC_16.cpp">
      <Filter>AOC_16</Filter>
    </ClCompile>
    <ClCompile Include="AOC_17\AOC_17.cpp">
      <Filter>AOC_17</Filter>
    </ClCompile>
    <ClCompile Include="AOC_17\Route.cpp">
      <Filter>AOC_17</Filter>
    </ClCompile>
    <ClCompile Include="AOC_18\AOC_18.cpp">
      <Filter>AOC_18</Filter>
    </ClCompile>
    <ClCompile Include="AOC_19\AOC_19.cpp">
      <Filter>AOC_19</Filter>
    </ClCompile>
    <ClCompile Include="AOC_20\AOC_20.cpp">
      <Filter>AOC_20</Filter>
    </ClCompile>
    <ClCompile Include="AOC_21\AOC_21.cpp">
      <Filter>AOC_21</Filter>
    </ClCompile>
    <ClCompile Include="AOC_22\AOC_22.cpp">
      <Filter>AOC_22</Filter>
    </ClCompile>
    <ClCompile Include="AOC_22\PC.cpp">
      <Filter>AOC_22</Filter>
    </ClCompile>
  </ItemGroup>
  <ItemGroup>
    <Text Include="AOC_01\input01.txt">
      <Filter>AOC_01</Filter>
    </Text>
    <Text Include="AOC_02\input02.txt">
      <Filter>AOC_02</Filter>
    </Text>
    <Text Include="AOC_03\input03.txt">
      <Filter>AOC_03</Filter>
    </Text>
    <Text Include="AOC_04\input04.txt">
      <Filter>AOC_04</Filter>
    </Text>
    <Text Include="AOC_06\input06.txt">
      <Filter>AOC_06</Filter>
    </Text>
    <Text Include="AOC_07\input07.txt">
      <Filter>AOC_07</Filter>
    </Text>
    <Text Include="AOC_08\input08.txt">
      <Filter>AOC_08</Filter>
    </Text>
    <Text Include="AOC_09\input09.txt">
      <Filter>AOC_09</Filter>
    </Text>
    <Text Include="AOC_10\input10.txt">
      <Filter>AOC_10</Filter>
    </Text>
    <Text Include="AOC_12\input12.txt">
      <Filter>AOC_12</Filter>
    </Text>
    <Text Include="AOC_15\input15.txt">
      <Filter>AOC_15</Filter>
    </Text>
    <Text Include="AOC_18\input18.txt">
      <Filter>AOC_18</Filter>
    </Text>
    <Text Include="AOC_20\input20.txt">
      <Filter>AOC_20</Filter>
    </Text>
    <Text Include="AOC_21\input21.txt">
      <Filter>AOC_21</Filter>
    </Text>
    <Text Include="AOC_22\input22.txt">
      <Filter>AOC_22</Filter>
    </Text>
  </ItemGroup>
</Project>