
Microsoft Visual Studio Solution File, Format Version 12.00
# Visual Studio 15
VisualStudioVersion = 15.0.28010.2050
MinimumVisualStudioVersion = 10.0.40219.1
Project("{9A19103F-16F7-4668-BE54-9A1E7A4F7556}") = "Aoc01", "Aoc01\Aoc01.csproj", "{1B0B80A9-98F6-4E52-9F88-32568D355067}"
EndProject
Project("{9A19103F-16F7-4668-BE54-9A1E7A4F7556}") = "AocLib", "AocLib\AocLib.csproj", "{DD7D621A-1A5D-4457-A19E-A820ED70EE61}"
EndProject
Project("{9A19103F-16F7-4668-BE54-9A1E7A4F7556}") = "Aoc02", "Aoc02\Aoc02.csproj", "{4AAE7D71-A7A0-42BD-867D-8E012C135EF4}"
EndProject
Project("{9A19103F-16F7-4668-BE54-9A1E7A4F7556}") = "Aoc03", "Aoc03\Aoc03.csproj", "{5A01059C-CABB-4106-9130-D45FE96F6304}"
EndProject
Project("{9A19103F-16F7-4668-BE54-9A1E7A4F7556}") = "Aoc04", "Aoc04\Aoc04.csproj", "{83BE1D1B-89E8-4D57-8FE3-279753C2AF9B}"
EndProject
Project("{9A19103F-16F7-4668-BE54-9A1E7A4F7556}") = "Aoc05", "Aoc05\Aoc05.csproj", "{D20EBD60-2C0B-472F-855A-42515205760D}"
EndProject
Project("{9A19103F-16F7-4668-BE54-9A1E7A4F7556}") = "Aoc07", "Aoc07\Aoc07.csproj", "{F2FB001E-92EC-48DB-AA88-F72FA73AD2B8}"
EndProject
Project("{9A19103F-16F7-4668-BE54-9A1E7A4F7556}") = "Aoc08", "Aoc08\Aoc08.csproj", "{FC8CF5EA-2219-4773-8352-B6371DA9070B}"
EndProject
Project("{9A19103F-16F7-4668-BE54-9A1E7A4F7556}") = "Aoc09", "Aoc09\Aoc09.csproj", "{8C6043C6-7BCE-4C8F-86A6-6B2D40A85138}"
EndProject
Project("{9A19103F-16F7-4668-BE54-9A1E7A4F7556}") = "Aoc10", "Aoc10\Aoc10.csproj", "{F322FFD9-1629-4548-9DBB-EAE68EFC2ADE}"
EndProject
Project("{9A19103F-16F7-4668-BE54-9A1E7A4F7556}") = "Aoc11", "Aoc11\Aoc11.csproj", "{98DAAE20-52FD-47D3-B4F4-CD5B0D2EBB82}"
EndProject
Project("{9A19103F-16F7-4668-BE54-9A1E7A4F7556}") = "Aoc12", "Aoc12\Aoc12.csproj", "{79A3B739-5E4E-4BE9-A301-40EF7F1DF3CB}"
EndProject
Global
	GlobalSection(SolutionConfigurationPlatforms) = preSolution
		Debug|Any CPU = Debug|Any CPU
		Release|Any CPU = Release|Any CPU
	EndGlobalSection
	GlobalSection(ProjectConfigurationPlatforms) = postSolution
		{1B0B80A9-98F6-4E52-9F88-32568D355067}.Debug|Any CPU.ActiveCfg = Debug|Any CPU
		{1B0B80A9-98F6-4E52-9F88-32568D355067}.Debug|Any CPU.Build.0 = Debug|Any CPU
		{1B0B80A9-98F6-4E52-9F88-32568D355067}.Release|Any CPU.ActiveCfg = Release|Any CPU
		{1B0B80A9-98F6-4E52-9F88-32568D355067}.Release|Any CPU.Build.0 = Release|Any CPU
		{DD7D621A-1A5D-4457-A19E-A820ED70EE61}.Debug|Any CPU.ActiveCfg = Debug|Any CPU
		{DD7D621A-1A5D-4457-A19E-A820ED70EE61}.Debug|Any CPU.Build.0 = Debug|Any CPU
		{DD7D621A-1A5D-4457-A19E-A820ED70EE61}.Release|Any CPU.ActiveCfg = Release|Any CPU
		{DD7D621A-1A5D-4457-A19E-A820ED70EE61}.Release|Any CPU.Build.0 = Release|Any CPU
		{4AAE7D71-A7A0-42BD-867D-8E012C135EF4}.Debug|Any CPU.ActiveCfg = Debug|Any CPU
		{4AAE7D71-A7A0-42BD-867D-8E012C135EF4}.Debug|Any CPU.Build.0 = Debug|Any CPU
		{4AAE7D71-A7A0-42BD-867D-8E012C135EF4}.Release|Any CPU.ActiveCfg = Release|Any CPU
		{4AAE7D71-A7A0-42BD-867D-8E012C135EF4}.Release|Any CPU.Build.0 = Release|Any CPU
		{5A01059C-CABB-4106-9130-D45FE96F6304}.Debug|Any CPU.ActiveCfg = Debug|Any CPU
		{5A01059C-CABB-4106-9130-D45FE96F6304}.Debug|Any CPU.Build.0 = Debug|Any CPU
		{5A01059C-CABB-4106-9130-D45FE96F6304}.Release|Any CPU.ActiveCfg = Release|Any CPU
		{5A01059C-CABB-4106-9130-D45FE96F6304}.Release|Any CPU.Build.0 = Release|Any CPU
		{83BE1D1B-89E8-4D57-8FE3-279753C2AF9B}.Debug|Any CPU.ActiveCfg = Debug|Any CPU
		{83BE1D1B-89E8-4D57-8FE3-279753C2AF9B}.Debug|Any CPU.Build.0 = Debug|Any CPU
		{83BE1D1B-89E8-4D57-8FE3-279753C2AF9B}.Release|Any CPU.ActiveCfg = Release|Any CPU
		{83BE1D1B-89E8-4D57-8FE3-279753C2AF9B}.Release|Any CPU.Build.0 = Release|Any CPU
		{D20EBD60-2C0B-472F-855A-42515205760D}.Debug|Any CPU.ActiveCfg = Debug|Any CPU
		{D20EBD60-2C0B-472F-855A-42515205760D}.Debug|Any CPU.Build.0 = Debug|Any CPU
		{D20EBD60-2C0B-472F-855A-42515205760D}.Release|Any CPU.ActiveCfg = Release|Any CPU
		{D20EBD60-2C0B-472F-855A-42515205760D}.Release|Any CPU.Build.0 = Release|Any CPU
		{F2FB001E-92EC-48DB-AA88-F72FA73AD2B8}.Debug|Any CPU.ActiveCfg = Debug|Any CPU
		{F2FB001E-92EC-48DB-AA88-F72FA73AD2B8}.Debug|Any CPU.Build.0 = Debug|Any CPU
		{F2FB001E-92EC-48DB-AA88-F72FA73AD2B8}.Release|Any CPU.ActiveCfg = Release|Any CPU
		{F2FB001E-92EC-48DB-AA88-F72FA73AD2B8}.Release|Any CPU.Build.0 = Release|Any CPU
		{FC8CF5EA-2219-4773-8352-B6371DA9070B}.Debug|Any CPU.ActiveCfg = Debug|Any CPU
		{FC8CF5EA-2219-4773-8352-B6371DA9070B}.Debug|Any CPU.Build.0 = Debug|Any CPU
		{FC8CF5EA-2219-4773-8352-B6371DA9070B}.Release|Any CPU.ActiveCfg = Release|Any CPU
		{FC8CF5EA-2219-4773-8352-B6371DA9070B}.Release|Any CPU.Build.0 = Release|Any CPU
		{8C6043C6-7BCE-4C8F-86A6-6B2D40A85138}.Debug|Any CPU.ActiveCfg = Debug|Any CPU
		{8C6043C6-7BCE-4C8F-86A6-6B2D40A85138}.Debug|Any CPU.Build.0 = Debug|Any CPU
		{8C6043C6-7BCE-4C8F-86A6-6B2D40A85138}.Release|Any CPU.ActiveCfg = Release|Any CPU
		{8C6043C6-7BCE-4C8F-86A6-6B2D40A85138}.Release|Any CPU.Build.0 = Release|Any CPU
		{F322FFD9-1629-4548-9DBB-EAE68EFC2ADE}.Debug|Any CPU.ActiveCfg = Debug|Any CPU
		{F322FFD9-1629-4548-9DBB-EAE68EFC2ADE}.Debug|Any CPU.Build.0 = Debug|Any CPU
		{F322FFD9-1629-4548-9DBB-EAE68EFC2ADE}.Release|Any CPU.ActiveCfg = Release|Any CPU
		{F322FFD9-1629-4548-9DBB-EAE68EFC2ADE}.Release|Any CPU.Build.0 = Release|Any CPU
		{98DAAE20-52FD-47D3-B4F4-CD5B0D2EBB82}.Debug|Any CPU.ActiveCfg = Debug|Any CPU
		{98DAAE20-52FD-47D3-B4F4-CD5B0D2EBB82}.Debug|Any CPU.Build.0 = Debug|Any CPU
		{98DAAE20-52FD-47D3-B4F4-CD5B0D2EBB82}.Release|Any CPU.ActiveCfg = Release|Any CPU
		{98DAAE20-52FD-47D3-B4F4-CD5B0D2EBB82}.Release|Any CPU.Build.0 = Release|Any CPU
		{79A3B739-5E4E-4BE9-A301-40EF7F1DF3CB}.Debug|Any CPU.ActiveCfg = Debug|Any CPU
		{79A3B739-5E4E-4BE9-A301-40EF7F1DF3CB}.Debug|Any CPU.Build.0 = Debug|Any CPU
		{79A3B739-5E4E-4BE9-A301-40EF7F1DF3CB}.Release|Any CPU.ActiveCfg = Release|Any CPU
		{79A3B739-5E4E-4BE9-A301-40EF7F1DF3CB}.Release|Any CPU.Build.0 = Release|Any CPU
	EndGlobalSection
	GlobalSection(SolutionProperties) = preSolution
		HideSolutionNode = FALSE
	EndGlobalSection
	GlobalSection(ExtensibilityGlobals) = postSolution
		SolutionGuid = {3E44F8E6-05E8-45EB-B6CC-9B168021F9BF}
	EndGlobalSection
EndGlobal
